
Microsoft Visual Studio Solution File, Format Version 12.00
# Visual Studio 15
VisualStudioVersion = 15.0.28307.757
MinimumVisualStudioVersion = 10.0.40219.1
Project("{FAE04EC0-301F-11D3-BF4B-00C04F79EFBC}") = "FactuurX", "FactuurX\FactuurX.csproj", "{B27380DF-54E9-4A2E-8513-0E2B1768A896}"
EndProject
Global
	GlobalSection(SolutionConfigurationPlatforms) = preSolution
		Debug|Any CPU = Debug|Any CPU
		Release|Any CPU = Release|Any CPU
	EndGlobalSection
	GlobalSection(ProjectConfigurationPlatforms) = postSolution
		{B27380DF-54E9-4A2E-8513-0E2B1768A896}.Debug|Any CPU.ActiveCfg = Debug|Any CPU
		{B27380DF-54E9-4A2E-8513-0E2B1768A896}.Debug|Any CPU.Build.0 = Debug|Any CPU
		{B27380DF-54E9-4A2E-8513-0E2B1768A896}.Release|Any CPU.ActiveCfg = Release|Any CPU
		{B27380DF-54E9-4A2E-8513-0E2B1768A896}.Release|Any CPU.Build.0 = Release|Any CPU
	EndGlobalSection
	GlobalSection(SolutionProperties) = preSolution
		HideSolutionNode = FALSE
	EndGlobalSection
	GlobalSection(ExtensibilityGlobals) = postSolution
		SolutionGuid = {3D925A2D-A946-42CC-B06D-2546E930B7AA}
	EndGlobalSection
EndGlobal
